// !$*UTF8*$!
{
	archiveVersion = 1;
	classes = {
	};
	objectVersion = 56;
	objects = {

/* Begin PBXBuildFile section */
		D3836ED72965818C007942E9 /* BevelText.swift in Sources */ = {isa = PBXBuildFile; fileRef = D3836ED02965818C007942E9 /* BevelText.swift */; };
		D3836ED82965818C007942E9 /* Game.swift in Sources */ = {isa = PBXBuildFile; fileRef = D3836ED12965818C007942E9 /* Game.swift */; };
		D3836ED92965818C007942E9 /* RGB.swift in Sources */ = {isa = PBXBuildFile; fileRef = D3836ED22965818C007942E9 /* RGB.swift */; };
		D3836EDA2965818C007942E9 /* NeuButtonStyle.swift in Sources */ = {isa = PBXBuildFile; fileRef = D3836ED32965818C007942E9 /* NeuButtonStyle.swift */; };
		D3836EDB2965818C007942E9 /* ColorExtension.swift in Sources */ = {isa = PBXBuildFile; fileRef = D3836ED42965818C007942E9 /* ColorExtension.swift */; };
		D3836EDC2965818C007942E9 /* CircleView.swift in Sources */ = {isa = PBXBuildFile; fileRef = D3836ED52965818C007942E9 /* CircleView.swift */; };
		D3836EDD2965818C007942E9 /* ViewExtension.swift in Sources */ = {isa = PBXBuildFile; fileRef = D3836ED62965818C007942E9 /* ViewExtension.swift */; };
		D3836EE229658224007942E9 /* TotalScoreView.swift in Sources */ = {isa = PBXBuildFile; fileRef = D3836EE129658224007942E9 /* TotalScoreView.swift */; };
		D38B22C12965802A00DAA5EB /* KolorApp.swift in Sources */ = {isa = PBXBuildFile; fileRef = D38B22C02965802A00DAA5EB /* KolorApp.swift */; };
		D38B22C32965802A00DAA5EB /* ContentView.swift in Sources */ = {isa = PBXBuildFile; fileRef = D38B22C22965802A00DAA5EB /* ContentView.swift */; };
		D38B22C52965802C00DAA5EB /* Assets.xcassets in Resources */ = {isa = PBXBuildFile; fileRef = D38B22C42965802C00DAA5EB /* Assets.xcassets */; };
		D38B22C82965802C00DAA5EB /* Preview Assets.xcassets in Resources */ = {isa = PBXBuildFile; fileRef = D38B22C72965802C00DAA5EB /* Preview Assets.xcassets */; };
/* End PBXBuildFile section */

/* Begin PBXFileReference section */
		D3836ED02965818C007942E9 /* BevelText.swift */ = {isa = PBXFileReference; fileEncoding = 4; lastKnownFileType = sourcecode.swift; path = BevelText.swift; sourceTree = "<group>"; };
		D3836ED12965818C007942E9 /* Game.swift */ = {isa = PBXFileReference; fileEncoding = 4; lastKnownFileType = sourcecode.swift; path = Game.swift; sourceTree = "<group>"; };
		D3836ED22965818C007942E9 /* RGB.swift */ = {isa = PBXFileReference; fileEncoding = 4; lastKnownFileType = sourcecode.swift; path = RGB.swift; sourceTree = "<group>"; };
		D3836ED32965818C007942E9 /* NeuButtonStyle.swift */ = {isa = PBXFileReference; fileEncoding = 4; lastKnownFileType = sourcecode.swift; path = NeuButtonStyle.swift; sourceTree = "<group>"; };
		D3836ED42965818C007942E9 /* ColorExtension.swift */ = {isa = PBXFileReference; fileEncoding = 4; lastKnownFileType = sourcecode.swift; path = ColorExtension.swift; sourceTree = "<group>"; };
		D3836ED52965818C007942E9 /* CircleView.swift */ = {isa = PBXFileReference; fileEncoding = 4; lastKnownFileType = sourcecode.swift; path = CircleView.swift; sourceTree = "<group>"; };
		D3836ED62965818C007942E9 /* ViewExtension.swift */ = {isa = PBXFileReference; fileEncoding = 4; lastKnownFileType = sourcecode.swift; path = ViewExtension.swift; sourceTree = "<group>"; };
		D3836EE129658224007942E9 /* TotalScoreView.swift */ = {isa = PBXFileReference; fileEncoding = 4; lastKnownFileType = sourcecode.swift; path = TotalScoreView.swift; sourceTree = "<group>"; };
		D38B22BD2965802A00DAA5EB /* Kolor.app */ = {isa = PBXFileReference; explicitFileType = wrapper.application; includeInIndex = 0; path = Kolor.app; sourceTree = BUILT_PRODUCTS_DIR; };
		D38B22C02965802A00DAA5EB /* KolorApp.swift */ = {isa = PBXFileReference; lastKnownFileType = sourcecode.swift; path = KolorApp.swift; sourceTree = "<group>"; };
		D38B22C22965802A00DAA5EB /* ContentView.swift */ = {isa = PBXFileReference; lastKnownFileType = sourcecode.swift; path = ContentView.swift; sourceTree = "<group>"; };
		D38B22C42965802C00DAA5EB /* Assets.xcassets */ = {isa = PBXFileReference; lastKnownFileType = folder.assetcatalog; path = Assets.xcassets; sourceTree = "<group>"; };
		D38B22C72965802C00DAA5EB /* Preview Assets.xcassets */ = {isa = PBXFileReference; lastKnownFileType = folder.assetcatalog; path = "Preview Assets.xcassets"; sourceTree = "<group>"; };
/* End PBXFileReference section */

/* Begin PBXFrameworksBuildPhase section */
		D38B22BA2965802A00DAA5EB /* Frameworks */ = {
			isa = PBXFrameworksBuildPhase;
			buildActionMask = 2147483647;
			files = (
			);
			runOnlyForDeploymentPostprocessing = 0;
		};
/* End PBXFrameworksBuildPhase section */

/* Begin PBXGroup section */
		D3836EDE296581BF007942E9 /* Models */ = {
			isa = PBXGroup;
			children = (
				D3836ED22965818C007942E9 /* RGB.swift */,
				D3836ED12965818C007942E9 /* Game.swift */,
			);
			path = Models;
			sourceTree = "<group>";
		};
		D3836EDF296581D2007942E9 /* Views */ = {
			isa = PBXGroup;
			children = (
				D3836EE129658224007942E9 /* TotalScoreView.swift */,
				D3836ED32965818C007942E9 /* NeuButtonStyle.swift */,
				D38B22C22965802A00DAA5EB /* ContentView.swift */,
				D3836ED52965818C007942E9 /* CircleView.swift */,
				D3836ED02965818C007942E9 /* BevelText.swift */,
			);
			path = Views;
			sourceTree = "<group>";
		};
		D3836EE029658203007942E9 /* Extension */ = {
			isa = PBXGroup;
			children = (
				D3836ED62965818C007942E9 /* ViewExtension.swift */,
				D3836ED42965818C007942E9 /* ColorExtension.swift */,
			);
			path = Extension;
			sourceTree = "<group>";
		};
		D38B22B42965802A00DAA5EB = {
			isa = PBXGroup;
			children = (
				D38B22BF2965802A00DAA5EB /* Kolor */,
				D38B22BE2965802A00DAA5EB /* Products */,
			);
			sourceTree = "<group>";
		};
		D38B22BE2965802A00DAA5EB /* Products */ = {
			isa = PBXGroup;
			children = (
				D38B22BD2965802A00DAA5EB /* Kolor.app */,
			);
			name = Products;
			sourceTree = "<group>";
		};
		D38B22BF2965802A00DAA5EB /* Kolor */ = {
			isa = PBXGroup;
			children = (
				D38B22C02965802A00DAA5EB /* KolorApp.swift */,
				D3836EDF296581D2007942E9 /* Views */,
				D3836EE029658203007942E9 /* Extension */,
				D3836EDE296581BF007942E9 /* Models */,
				D38B22C42965802C00DAA5EB /* Assets.xcassets */,
				D38B22C62965802C00DAA5EB /* Preview Content */,
			);
			path = Kolor;
			sourceTree = "<group>";
		};
		D38B22C62965802C00DAA5EB /* Preview Content */ = {
			isa = PBXGroup;
			children = (
				D38B22C72965802C00DAA5EB /* Preview Assets.xcassets */,
			);
			path = "Preview Content";
			sourceTree = "<group>";
		};
/* End PBXGroup section */

/* Begin PBXNativeTarget section */
		D38B22BC2965802A00DAA5EB /* Kolor */ = {
			isa = PBXNativeTarget;
			buildConfigurationList = D38B22CB2965802C00DAA5EB /* Build configuration list for PBXNativeTarget "Kolor" */;
			buildPhases = (
				D38B22B92965802A00DAA5EB /* Sources */,
				D38B22BA2965802A00DAA5EB /* Frameworks */,
				D38B22BB2965802A00DAA5EB /* Resources */,
			);
			buildRules = (
			);
			dependencies = (
			);
			name = Kolor;
			productName = Kolor;
			productReference = D38B22BD2965802A00DAA5EB /* Kolor.app */;
			productType = "com.apple.product-type.application";
		};
/* End PBXNativeTarget section */

/* Begin PBXProject section */
		D38B22B52965802A00DAA5EB /* Project object */ = {
			isa = PBXProject;
			attributes = {
				BuildIndependentTargetsInParallel = 1;
				LastSwiftUpdateCheck = 1420;
				LastUpgradeCheck = 1420;
				TargetAttributes = {
					D38B22BC2965802A00DAA5EB = {
						CreatedOnToolsVersion = 14.2;
					};
				};
			};
			buildConfigurationList = D38B22B82965802A00DAA5EB /* Build configuration list for PBXProject "Kolor" */;
			compatibilityVersion = "Xcode 14.0";
			developmentRegion = en;
			hasScannedForEncodings = 0;
			knownRegions = (
				en,
				Base,
			);
			mainGroup = D38B22B42965802A00DAA5EB;
			productRefGroup = D38B22BE2965802A00DAA5EB /* Products */;
			projectDirPath = "";
			projectRoot = "";
			targets = (
				D38B22BC2965802A00DAA5EB /* Kolor */,
			);
		};
/* End PBXProject section */

/* Begin PBXResourcesBuildPhase section */
		D38B22BB2965802A00DAA5EB /* Resources */ = {
			isa = PBXResourcesBuildPhase;
			buildActionMask = 2147483647;
			files = (
				D38B22C82965802C00DAA5EB /* Preview Assets.xcassets in Resources */,
				D38B22C52965802C00DAA5EB /* Assets.xcassets in Resources */,
			);
			runOnlyForDeploymentPostprocessing = 0;
		};
/* End PBXResourcesBuildPhase section */

/* Begin PBXSourcesBuildPhase section */
		D38B22B92965802A00DAA5EB /* Sources */ = {
			isa = PBXSourcesBuildPhase;
			buildActionMask = 2147483647;
			files = (
				D3836EDD2965818C007942E9 /* ViewExtension.swift in Sources */,
				D3836EDC2965818C007942E9 /* CircleView.swift in Sources */,
				D3836ED92965818C007942E9 /* RGB.swift in Sources */,
				D38B22C32965802A00DAA5EB /* ContentView.swift in Sources */,
				D3836EDA2965818C007942E9 /* NeuButtonStyle.swift in Sources */,
				D38B22C12965802A00DAA5EB /* KolorApp.swift in Sources */,
				D3836ED72965818C007942E9 /* BevelText.swift in Sources */,
				D3836EDB2965818C007942E9 /* ColorExtension.swift in Sources */,
				D3836EE229658224007942E9 /* TotalScoreView.swift in Sources */,
				D3836ED82965818C007942E9 /* Game.swift in Sources */,
			);
			runOnlyForDeploymentPostprocessing = 0;
		};
/* End PBXSourcesBuildPhase section */

/* Begin XCBuildConfiguration section */
		D38B22C92965802C00DAA5EB /* Debug */ = {
			isa = XCBuildConfiguration;
			buildSettings = {
				ALWAYS_SEARCH_USER_PATHS = NO;
				CLANG_ANALYZER_NONNULL = YES;
				CLANG_ANALYZER_NUMBER_OBJECT_CONVERSION = YES_AGGRESSIVE;
				CLANG_CXX_LANGUAGE_STANDARD = "gnu++20";
				CLANG_ENABLE_MODULES = YES;
				CLANG_ENABLE_OBJC_ARC = YES;
				CLANG_ENABLE_OBJC_WEAK = YES;
				CLANG_WARN_BLOCK_CAPTURE_AUTORELEASING = YES;
				CLANG_WARN_BOOL_CONVERSION = YES;
				CLANG_WARN_COMMA = YES;
				CLANG_WARN_CONSTANT_CONVERSION = YES;
				CLANG_WARN_DEPRECATED_OBJC_IMPLEMENTATIONS = YES;
				CLANG_WARN_DIRECT_OBJC_ISA_USAGE = YES_ERROR;
				CLANG_WARN_DOCUMENTATION_COMMENTS = YES;
				CLANG_WARN_EMPTY_BODY = YES;
				CLANG_WARN_ENUM_CONVERSION = YES;
				CLANG_WARN_INFINITE_RECURSION = YES;
				CLANG_WARN_INT_CONVERSION = YES;
				CLANG_WARN_NON_LITERAL_NULL_CONVERSION = YES;
				CLANG_WARN_OBJC_IMPLICIT_RETAIN_SELF = YES;
				CLANG_WARN_OBJC_LITERAL_CONVERSION = YES;
				CLANG_WARN_OBJC_ROOT_CLASS = YES_ERROR;
				CLANG_WARN_QUOTED_INCLUDE_IN_FRAMEWORK_HEADER = YES;
				CLANG_WARN_RANGE_LOOP_ANALYSIS = YES;
				CLANG_WARN_STRICT_PROTOTYPES = YES;
				CLANG_WARN_SUSPICIOUS_MOVE = YES;
				CLANG_WARN_UNGUARDED_AVAILABILITY = YES_AGGRESSIVE;
				CLANG_WARN_UNREACHABLE_CODE = YES;
				CLANG_WARN__DUPLICATE_METHOD_MATCH = YES;
				COPY_PHASE_STRIP = NO;
				DEBUG_INFORMATION_FORMAT = dwarf;
				ENABLE_STRICT_OBJC_MSGSEND = YES;
				ENABLE_TESTABILITY = YES;
				GCC_C_LANGUAGE_STANDARD = gnu11;
				GCC_DYNAMIC_NO_PIC = NO;
				GCC_NO_COMMON_BLOCKS = YES;
				GCC_OPTIMIZATION_LEVEL = 0;
				GCC_PREPROCESSOR_DEFINITIONS = (
					"DEBUG=1",
					"$(inherited)",
				);
				GCC_WARN_64_TO_32_BIT_CONVERSION = YES;
				GCC_WARN_ABOUT_RETURN_TYPE = YES_ERROR;
				GCC_WARN_UNDECLARED_SELECTOR = YES;
				GCC_WARN_UNINITIALIZED_AUTOS = YES_AGGRESSIVE;
				GCC_WARN_UNUSED_FUNCTION = YES;
				GCC_WARN_UNUSED_VARIABLE = YES;
				IPHONEOS_DEPLOYMENT_TARGET = 16.2;
				MTL_ENABLE_DEBUG_INFO = INCLUDE_SOURCE;
				MTL_FAST_MATH = YES;
				ONLY_ACTIVE_ARCH = YES;
				SDKROOT = iphoneos;
				SWIFT_ACTIVE_COMPILATION_CONDITIONS = DEBUG;
				SWIFT_OPTIMIZATION_LEVEL = "-Onone";
			};
			name = Debug;
		};
		D38B22CA2965802C00DAA5EB /* Release */ = {
			isa = XCBuildConfiguration;
			buildSettings = {
				ALWAYS_SEARCH_USER_PATHS = NO;
				CLANG_ANALYZER_NONNULL = YES;
				CLANG_ANALYZER_NUMBER_OBJECT_CONVERSION = YES_AGGRESSIVE;
				CLANG_CXX_LANGUAGE_STANDARD = "gnu++20";
				CLANG_ENABLE_MODULES = YES;
				CLANG_ENABLE_OBJC_ARC = YES;
				CLANG_ENABLE_OBJC_WEAK = YES;
				CLANG_WARN_BLOCK_CAPTURE_AUTORELEASING = YES;
				CLANG_WARN_BOOL_CONVERSION = YES;
				CLANG_WARN_COMMA = YES;
				CLANG_WARN_CONSTANT_CONVERSION = YES;
				CLANG_WARN_DEPRECATED_OBJC_IMPLEMENTATIONS = YES;
				CLANG_WARN_DIRECT_OBJC_ISA_USAGE = YES_ERROR;
				CLANG_WARN_DOCUMENTATION_COMMENTS = YES;
				CLANG_WARN_EMPTY_BODY = YES;
				CLANG_WARN_ENUM_CONVERSION = YES;
				CLANG_WARN_INFINITE_RECURSION = YES;
				CLANG_WARN_INT_CONVERSION = YES;
				CLANG_WARN_NON_LITERAL_NULL_CONVERSION = YES;
				CLANG_WARN_OBJC_IMPLICIT_RETAIN_SELF = YES;
				CLANG_WARN_OBJC_LITERAL_CONVERSION = YES;
				CLANG_WARN_OBJC_ROOT_CLASS = YES_ERROR;
				CLANG_WARN_QUOTED_INCLUDE_IN_FRAMEWORK_HEADER = YES;
				CLANG_WARN_RANGE_LOOP_ANALYSIS = YES;
				CLANG_WARN_STRICT_PROTOTYPES = YES;
				CLANG_WARN_SUSPICIOUS_MOVE = YES;
				CLANG_WARN_UNGUARDED_AVAILABILITY = YES_AGGRESSIVE;
				CLANG_WARN_UNREACHABLE_CODE = YES;
				CLANG_WARN__DUPLICATE_METHOD_MATCH = YES;
				COPY_PHASE_STRIP = NO;
				DEBUG_INFORMATION_FORMAT = "dwarf-with-dsym";
				ENABLE_NS_ASSERTIONS = NO;
				ENABLE_STRICT_OBJC_MSGSEND = YES;
				GCC_C_LANGUAGE_STANDARD = gnu11;
				GCC_NO_COMMON_BLOCKS = YES;
				GCC_WARN_64_TO_32_BIT_CONVERSION = YES;
				GCC_WARN_ABOUT_RETURN_TYPE = YES_ERROR;
				GCC_WARN_UNDECLARED_SELECTOR = YES;
				GCC_WARN_UNINITIALIZED_AUTOS = YES_AGGRESSIVE;
				GCC_WARN_UNUSED_FUNCTION = YES;
				GCC_WARN_UNUSED_VARIABLE = YES;
				IPHONEOS_DEPLOYMENT_TARGET = 16.2;
				MTL_ENABLE_DEBUG_INFO = NO;
				MTL_FAST_MATH = YES;
				SDKROOT = iphoneos;
				SWIFT_COMPILATION_MODE = wholemodule;
				SWIFT_OPTIMIZATION_LEVEL = "-O";
				VALIDATE_PRODUCT = YES;
			};
			name = Release;
		};
		D38B22CC2965802C00DAA5EB /* Debug */ = {
			isa = XCBuildConfiguration;
			buildSettings = {
				ASSETCATALOG_COMPILER_APPICON_NAME = AppIcon;
				ASSETCATALOG_COMPILER_GLOBAL_ACCENT_COLOR_NAME = AccentColor;
				CODE_SIGN_STYLE = Automatic;
				CURRENT_PROJECT_VERSION = 1;
				DEVELOPMENT_ASSET_PATHS = "\"Kolor/Preview Content\"";
				ENABLE_PREVIEWS = YES;
				GENERATE_INFOPLIST_FILE = YES;
				INFOPLIST_KEY_UIApplicationSceneManifest_Generation = YES;
				INFOPLIST_KEY_UIApplicationSupportsIndirectInputEvents = YES;
				INFOPLIST_KEY_UILaunchScreen_Generation = YES;
				INFOPLIST_KEY_UISupportedInterfaceOrientations_iPad = "UIInterfaceOrientationPortrait UIInterfaceOrientationPortraitUpsideDown UIInterfaceOrientationLandscapeLeft UIInterfaceOrientationLandscapeRight";
				INFOPLIST_KEY_UISupportedInterfaceOrientations_iPhone = "UIInterfaceOrientationPortrait UIInterfaceOrientationLandscapeLeft UIInterfaceOrientationLandscapeRight";
				LD_RUNPATH_SEARCH_PATHS = (
					"$(inherited)",
					"@executable_path/Frameworks",
				);
				MARKETING_VERSION = 1.0;
				PRODUCT_BUNDLE_IDENTIFIER = sontran261.Kolor;
				PRODUCT_NAME = "$(TARGET_NAME)";
				SWIFT_EMIT_LOC_STRINGS = YES;
				SWIFT_VERSION = 5.0;
				TARGETED_DEVICE_FAMILY = "1,2";
			};
			name = Debug;
		};
		D38B22CD2965802C00DAA5EB /* Release */ = {
			isa = XCBuildConfiguration;
			buildSettings = {
				ASSETCATALOG_COMPILER_APPICON_NAME = AppIcon;
				ASSETCATALOG_COMPILER_GLOBAL_ACCENT_COLOR_NAME = AccentColor;
				CODE_SIGN_STYLE = Automatic;
				CURRENT_PROJECT_VERSION = 1;
				DEVELOPMENT_ASSET_PATHS = "\"Kolor/Preview Content\"";
				ENABLE_PREVIEWS = YES;
				GENERATE_INFOPLIST_FILE = YES;
				INFOPLIST_KEY_UIApplicationSceneManifest_Generation = YES;
				INFOPLIST_KEY_UIApplicationSupportsIndirectInputEvents = YES;
				INFOPLIST_KEY_UILaunchScreen_Generation = YES;
				INFOPLIST_KEY_UISupportedInterfaceOrientations_iPad = "UIInterfaceOrientationPortrait UIInterfaceOrientationPortraitUpsideDown UIInterfaceOrientationLandscapeLeft UIInterfaceOrientationLandscapeRight";
				INFOPLIST_KEY_UISupportedInterfaceOrientations_iPhone = "UIInterfaceOrientationPortrait UIInterfaceOrientationLandscapeLeft UIInterfaceOrientationLandscapeRight";
				LD_RUNPATH_SEARCH_PATHS = (
					"$(inherited)",
					"@executable_path/Frameworks",
				);
				MARKETING_VERSION = 1.0;
				PRODUCT_BUNDLE_IDENTIFIER = sontran261.Kolor;
				PRODUCT_NAME = "$(TARGET_NAME)";
				SWIFT_EMIT_LOC_STRINGS = YES;
				SWIFT_VERSION = 5.0;
				TARGETED_DEVICE_FAMILY = "1,2";
			};
			name = Release;
		};
/* End XCBuildConfiguration section */

/* Begin XCConfigurationList section */
		D38B22B82965802A00DAA5EB /* Build configuration list for PBXProject "Kolor" */ = {
			isa = XCConfigurationList;
			buildConfigurations = (
				D38B22C92965802C00DAA5EB /* Debug */,
				D38B22CA2965802C00DAA5EB /* Release */,
			);
			defaultConfigurationIsVisible = 0;
			defaultConfigurationName = Release;
		};
		D38B22CB2965802C00DAA5EB /* Build configuration list for PBXNativeTarget "Kolor" */ = {
			isa = XCConfigurationList;
			buildConfigurations = (
				D38B22CC2965802C00DAA5EB /* Debug */,
				D38B22CD2965802C00DAA5EB /* Release */,
			);
			defaultConfigurationIsVisible = 0;
			defaultConfigurationName = Release;
		};
/* End XCConfigurationList section */
	};
	rootObject = D38B22B52965802A00DAA5EB /* Project object */;
}
